
Microsoft Visual Studio Solution File, Format Version 12.00
# Visual Studio Version 16
VisualStudioVersion = 16.0.32901.82
MinimumVisualStudioVersion = 10.0.40219.1
Project("{9A19103F-16F7-4668-BE54-9A1E7A4F7556}") = "DB2VM_API", "WebApi\DB2VM_API.csproj", "{79AE2450-5D8D-441E-AF47-9BEB5ACB25FC}"
EndProject
Project("{9A19103F-16F7-4668-BE54-9A1E7A4F7556}") = "ConsoleApp_medPageCloud", "ConsoleApp_medPageCloud\ConsoleApp_medPageCloud.csproj", "{EA6C48C2-28A4-4310-9B03-BED9F6B4FBFC}"
EndProject
Project("{FAE04EC0-301F-11D3-BF4B-00C04F79EFBC}") = "ConsoleApp_ADC", "ConsoleApp_ADC\ConsoleApp_ADC.csproj", "{E87119EC-E021-4E53-950C-912456044C3D}"
EndProject
Project("{FAE04EC0-301F-11D3-BF4B-00C04F79EFBC}") = "batch_ud_station_order", "batch_ud_station_order\batch_ud_station_order.csproj", "{664AA7FB-94D4-4BC4-98D7-637DBAF6878C}"
EndProject
Global
	GlobalSection(SolutionConfigurationPlatforms) = preSolution
		Debug|Any CPU = Debug|Any CPU
		Release|Any CPU = Release|Any CPU
	EndGlobalSection
	GlobalSection(ProjectConfigurationPlatforms) = postSolution
		{79AE2450-5D8D-441E-AF47-9BEB5ACB25FC}.Debug|Any CPU.ActiveCfg = Debug|Any CPU
		{79AE2450-5D8D-441E-AF47-9BEB5ACB25FC}.Debug|Any CPU.Build.0 = Debug|Any CPU
		{79AE2450-5D8D-441E-AF47-9BEB5ACB25FC}.Release|Any CPU.ActiveCfg = Release|Any CPU
		{79AE2450-5D8D-441E-AF47-9BEB5ACB25FC}.Release|Any CPU.Build.0 = Release|Any CPU
		{EA6C48C2-28A4-4310-9B03-BED9F6B4FBFC}.Debug|Any CPU.ActiveCfg = Debug|Any CPU
		{EA6C48C2-28A4-4310-9B03-BED9F6B4FBFC}.Debug|Any CPU.Build.0 = Debug|Any CPU
		{EA6C48C2-28A4-4310-9B03-BED9F6B4FBFC}.Release|Any CPU.ActiveCfg = Release|Any CPU
		{EA6C48C2-28A4-4310-9B03-BED9F6B4FBFC}.Release|Any CPU.Build.0 = Release|Any CPU
		{E87119EC-E021-4E53-950C-912456044C3D}.Debug|Any CPU.ActiveCfg = Debug|Any CPU
		{E87119EC-E021-4E53-950C-912456044C3D}.Debug|Any CPU.Build.0 = Debug|Any CPU
		{E87119EC-E021-4E53-950C-912456044C3D}.Release|Any CPU.ActiveCfg = Release|Any CPU
		{E87119EC-E021-4E53-950C-912456044C3D}.Release|Any CPU.Build.0 = Release|Any CPU
		{664AA7FB-94D4-4BC4-98D7-637DBAF6878C}.Debug|Any CPU.ActiveCfg = Debug|Any CPU
		{664AA7FB-94D4-4BC4-98D7-637DBAF6878C}.Debug|Any CPU.Build.0 = Debug|Any CPU
		{664AA7FB-94D4-4BC4-98D7-637DBAF6878C}.Release|Any CPU.ActiveCfg = Release|Any CPU
		{664AA7FB-94D4-4BC4-98D7-637DBAF6878C}.Release|Any CPU.Build.0 = Release|Any CPU
	EndGlobalSection
	GlobalSection(SolutionProperties) = preSolution
		HideSolutionNode = FALSE
	EndGlobalSection
	GlobalSection(ExtensibilityGlobals) = postSolution
		SolutionGuid = {351CEE7A-09F7-4599-927A-6FF74D3A81A0}
	EndGlobalSection
EndGlobal
